
Microsoft Visual Studio Solution File, Format Version 12.00
# Visual Studio Version 16
VisualStudioVersion = 16.0.29519.181
MinimumVisualStudioVersion = 10.0.40219.1
Project("{9A19103F-16F7-4668-BE54-9A1E7A4F7556}") = "NetCore.Jwt.Token", "NetCore.Jwt.Token\NetCore.Jwt.Token.csproj", "{B4F05BD5-C70E-4FA3-858C-1748F5160F45}"
EndProject
Global
	GlobalSection(SolutionConfigurationPlatforms) = preSolution
		Debug|Any CPU = Debug|Any CPU
		Release|Any CPU = Release|Any CPU
	EndGlobalSection
	GlobalSection(ProjectConfigurationPlatforms) = postSolution
		{B4F05BD5-C70E-4FA3-858C-1748F5160F45}.Debug|Any CPU.ActiveCfg = Debug|Any CPU
		{B4F05BD5-C70E-4FA3-858C-1748F5160F45}.Debug|Any CPU.Build.0 = Debug|Any CPU
		{B4F05BD5-C70E-4FA3-858C-1748F5160F45}.Release|Any CPU.ActiveCfg = Release|Any CPU
		{B4F05BD5-C70E-4FA3-858C-1748F5160F45}.Release|Any CPU.Build.0 = Release|Any CPU
	EndGlobalSection
	GlobalSection(SolutionProperties) = preSolution
		HideSolutionNode = FALSE
	EndGlobalSection
	GlobalSection(ExtensibilityGlobals) = postSolution
		SolutionGuid = {CA527A7E-BF00-4786-8F49-5BA60D781567}
	EndGlobalSection
EndGlobal
